
Microsoft Visual Studio Solution File, Format Version 12.00
# Visual Studio Version 17
VisualStudioVersion = 17.9.34728.123
MinimumVisualStudioVersion = 10.0.40219.1
Project("{9A19103F-16F7-4668-BE54-9A1E7A4F7556}") = "BethanysPieShop", "BethanysPieShop\BethanysPieShop.csproj", "{9C8E867B-0E55-4F23-83D9-F79F67914880}"
EndProject
Project("{FAE04EC0-301F-11D3-BF4B-00C04F79EFBC}") = "BethanysPieShopTests", "BethanysPieShopTests\BethanysPieShopTests.csproj", "{21578035-E190-4DD9-8472-A2596D5D6DC0}"
EndProject
Global
	GlobalSection(SolutionConfigurationPlatforms) = preSolution
		Debug|Any CPU = Debug|Any CPU
		Release|Any CPU = Release|Any CPU
	EndGlobalSection
	GlobalSection(ProjectConfigurationPlatforms) = postSolution
		{9C8E867B-0E55-4F23-83D9-F79F67914880}.Debug|Any CPU.ActiveCfg = Debug|Any CPU
		{9C8E867B-0E55-4F23-83D9-F79F67914880}.Debug|Any CPU.Build.0 = Debug|Any CPU
		{9C8E867B-0E55-4F23-83D9-F79F67914880}.Release|Any CPU.ActiveCfg = Release|Any CPU
		{9C8E867B-0E55-4F23-83D9-F79F67914880}.Release|Any CPU.Build.0 = Release|Any CPU
		{21578035-E190-4DD9-8472-A2596D5D6DC0}.Debug|Any CPU.ActiveCfg = Debug|Any CPU
		{21578035-E190-4DD9-8472-A2596D5D6DC0}.Debug|Any CPU.Build.0 = Debug|Any CPU
		{21578035-E190-4DD9-8472-A2596D5D6DC0}.Release|Any CPU.ActiveCfg = Release|Any CPU
		{21578035-E190-4DD9-8472-A2596D5D6DC0}.Release|Any CPU.Build.0 = Release|Any CPU
	EndGlobalSection
	GlobalSection(SolutionProperties) = preSolution
		HideSolutionNode = FALSE
	EndGlobalSection
	GlobalSection(ExtensibilityGlobals) = postSolution
		SolutionGuid = {0D038EA6-4F94-4B1C-B04F-5EF1BC39D804}
	EndGlobalSection
EndGlobal
